// !$*UTF8*$!
{
	archiveVersion = 1;
	classes = {
	};
	objectVersion = 50;
	objects = {

/* Begin PBXBuildFile section */
		D4D94E5B224BA69000E86C70 /* AppDelegate.swift in Sources */ = {isa = PBXBuildFile; fileRef = D4D94E5A224BA69000E86C70 /* AppDelegate.swift */; };
		D4D94E5D224BA69000E86C70 /* ViewController.swift in Sources */ = {isa = PBXBuildFile; fileRef = D4D94E5C224BA69000E86C70 /* ViewController.swift */; };
		D4D94E60224BA69000E86C70 /* Main.storyboard in Resources */ = {isa = PBXBuildFile; fileRef = D4D94E5E224BA69000E86C70 /* Main.storyboard */; };
		D4D94E62224BA69200E86C70 /* Assets.xcassets in Resources */ = {isa = PBXBuildFile; fileRef = D4D94E61224BA69200E86C70 /* Assets.xcassets */; };
		D4D94E65224BA69200E86C70 /* LaunchScreen.storyboard in Resources */ = {isa = PBXBuildFile; fileRef = D4D94E63224BA69200E86C70 /* LaunchScreen.storyboard */; };
		D4D94E70224BA69200E86C70 /* News_AppTests.swift in Sources */ = {isa = PBXBuildFile; fileRef = D4D94E6F224BA69200E86C70 /* News_AppTests.swift */; };
		D4D94E7B224BA69200E86C70 /* News_AppUITests.swift in Sources */ = {isa = PBXBuildFile; fileRef = D4D94E7A224BA69200E86C70 /* News_AppUITests.swift */; };
/* End PBXBuildFile section */

/* Begin PBXContainerItemProxy section */
		D4D94E6C224BA69200E86C70 /* PBXContainerItemProxy */ = {
			isa = PBXContainerItemProxy;
			containerPortal = D4D94E4F224BA69000E86C70 /* Project object */;
			proxyType = 1;
			remoteGlobalIDString = D4D94E56224BA69000E86C70;
			remoteInfo = News_App;
		};
		D4D94E77224BA69200E86C70 /* PBXContainerItemProxy */ = {
			isa = PBXContainerItemProxy;
			containerPortal = D4D94E4F224BA69000E86C70 /* Project object */;
			proxyType = 1;
			remoteGlobalIDString = D4D94E56224BA69000E86C70;
			remoteInfo = News_App;
		};
/* End PBXContainerItemProxy section */

/* Begin PBXFileReference section */
		D4D94E57224BA69000E86C70 /* News_App.app */ = {isa = PBXFileReference; explicitFileType = wrapper.application; includeInIndex = 0; path = News_App.app; sourceTree = BUILT_PRODUCTS_DIR; };
		D4D94E5A224BA69000E86C70 /* AppDelegate.swift */ = {isa = PBXFileReference; lastKnownFileType = sourcecode.swift; path = AppDelegate.swift; sourceTree = "<group>"; };
		D4D94E5C224BA69000E86C70 /* ViewController.swift */ = {isa = PBXFileReference; lastKnownFileType = sourcecode.swift; path = ViewController.swift; sourceTree = "<group>"; };
		D4D94E5F224BA69000E86C70 /* Base */ = {isa = PBXFileReference; lastKnownFileType = file.storyboard; name = Base; path = Base.lproj/Main.storyboard; sourceTree = "<group>"; };
		D4D94E61224BA69200E86C70 /* Assets.xcassets */ = {isa = PBXFileReference; lastKnownFileType = folder.assetcatalog; path = Assets.xcassets; sourceTree = "<group>"; };
		D4D94E64224BA69200E86C70 /* Base */ = {isa = PBXFileReference; lastKnownFileType = file.storyboard; name = Base; path = Base.lproj/LaunchScreen.storyboard; sourceTree = "<group>"; };
		D4D94E66224BA69200E86C70 /* Info.plist */ = {isa = PBXFileReference; lastKnownFileType = text.plist.xml; path = Info.plist; sourceTree = "<group>"; };
		D4D94E6B224BA69200E86C70 /* News_AppTests.xctest */ = {isa = PBXFileReference; explicitFileType = wrapper.cfbundle; includeInIndex = 0; path = News_AppTests.xctest; sourceTree = BUILT_PRODUCTS_DIR; };
		D4D94E6F224BA69200E86C70 /* News_AppTests.swift */ = {isa = PBXFileReference; lastKnownFileType = sourcecode.swift; path = News_AppTests.swift; sourceTree = "<group>"; };
		D4D94E71224BA69200E86C70 /* Info.plist */ = {isa = PBXFileReference; lastKnownFileType = text.plist.xml; path = Info.plist; sourceTree = "<group>"; };
		D4D94E76224BA69200E86C70 /* News_AppUITests.xctest */ = {isa = PBXFileReference; explicitFileType = wrapper.cfbundle; includeInIndex = 0; path = News_AppUITests.xctest; sourceTree = BUILT_PRODUCTS_DIR; };
		D4D94E7A224BA69200E86C70 /* News_AppUITests.swift */ = {isa = PBXFileReference; lastKnownFileType = sourcecode.swift; path = News_AppUITests.swift; sourceTree = "<group>"; };
		D4D94E7C224BA69200E86C70 /* Info.plist */ = {isa = PBXFileReference; lastKnownFileType = text.plist.xml; path = Info.plist; sourceTree = "<group>"; };
/* End PBXFileReference section */

/* Begin PBXFrameworksBuildPhase section */
		D4D94E54224BA69000E86C70 /* Frameworks */ = {
			isa = PBXFrameworksBuildPhase;
			buildActionMask = 2147483647;
			files = (
			);
			runOnlyForDeploymentPostprocessing = 0;
		};
		D4D94E68224BA69200E86C70 /* Frameworks */ = {
			isa = PBXFrameworksBuildPhase;
			buildActionMask = 2147483647;
			files = (
			);
			runOnlyForDeploymentPostprocessing = 0;
		};
		D4D94E73224BA69200E86C70 /* Frameworks */ = {
			isa = PBXFrameworksBuildPhase;
			buildActionMask = 2147483647;
			files = (
			);
			runOnlyForDeploymentPostprocessing = 0;
		};
/* End PBXFrameworksBuildPhase section */

/* Begin PBXGroup section */
		D4D94E4E224BA69000E86C70 = {
			isa = PBXGroup;
			children = (
				D4D94E59224BA69000E86C70 /* News_App */,
				D4D94E6E224BA69200E86C70 /* News_AppTests */,
				D4D94E79224BA69200E86C70 /* News_AppUITests */,
				D4D94E58224BA69000E86C70 /* Products */,
			);
			sourceTree = "<group>";
		};
		D4D94E58224BA69000E86C70 /* Products */ = {
			isa = PBXGroup;
			children = (
				D4D94E57224BA69000E86C70 /* News_App.app */,
				D4D94E6B224BA69200E86C70 /* News_AppTests.xctest */,
				D4D94E76224BA69200E86C70 /* News_AppUITests.xctest */,
			);
			name = Products;
			sourceTree = "<group>";
		};
		D4D94E59224BA69000E86C70 /* News_App */ = {
			isa = PBXGroup;
			children = (
				D4D94E5A224BA69000E86C70 /* AppDelegate.swift */,
				D4D94E5C224BA69000E86C70 /* ViewController.swift */,
				D4D94E5E224BA69000E86C70 /* Main.storyboard */,
				D4D94E61224BA69200E86C70 /* Assets.xcassets */,
				D4D94E63224BA69200E86C70 /* LaunchScreen.storyboard */,
				D4D94E66224BA69200E86C70 /* Info.plist */,
			);
			path = News_App;
			sourceTree = "<group>";
		};
		D4D94E6E224BA69200E86C70 /* News_AppTests */ = {
			isa = PBXGroup;
			children = (
				D4D94E6F224BA69200E86C70 /* News_AppTests.swift */,
				D4D94E71224BA69200E86C70 /* Info.plist */,
			);
			path = News_AppTests;
			sourceTree = "<group>";
		};
		D4D94E79224BA69200E86C70 /* News_AppUITests */ = {
			isa = PBXGroup;
			children = (
				D4D94E7A224BA69200E86C70 /* News_AppUITests.swift */,
				D4D94E7C224BA69200E86C70 /* Info.plist */,
			);
			path = News_AppUITests;
			sourceTree = "<group>";
		};
/* End PBXGroup section */

/* Begin PBXNativeTarget section */
		D4D94E56224BA69000E86C70 /* News_App */ = {
			isa = PBXNativeTarget;
			buildConfigurationList = D4D94E7F224BA69200E86C70 /* Build configuration list for PBXNativeTarget "News_App" */;
			buildPhases = (
				D4D94E53224BA69000E86C70 /* Sources */,
				D4D94E54224BA69000E86C70 /* Frameworks */,
				D4D94E55224BA69000E86C70 /* Resources */,
			);
			buildRules = (
			);
			dependencies = (
			);
			name = News_App;
			productName = News_App;
			productReference = D4D94E57224BA69000E86C70 /* News_App.app */;
			productType = "com.apple.product-type.application";
		};
		D4D94E6A224BA69200E86C70 /* News_AppTests */ = {
			isa = PBXNativeTarget;
			buildConfigurationList = D4D94E82224BA69200E86C70 /* Build configuration list for PBXNativeTarget "News_AppTests" */;
			buildPhases = (
				D4D94E67224BA69200E86C70 /* Sources */,
				D4D94E68224BA69200E86C70 /* Frameworks */,
				D4D94E69224BA69200E86C70 /* Resources */,
			);
			buildRules = (
			);
			dependencies = (
				D4D94E6D224BA69200E86C70 /* PBXTargetDependency */,
			);
			name = News_AppTests;
			productName = News_AppTests;
			productReference = D4D94E6B224BA69200E86C70 /* News_AppTests.xctest */;
			productType = "com.apple.product-type.bundle.unit-test";
		};
		D4D94E75224BA69200E86C70 /* News_AppUITests */ = {
			isa = PBXNativeTarget;
			buildConfigurationList = D4D94E85224BA69200E86C70 /* Build configuration list for PBXNativeTarget "News_AppUITests" */;
			buildPhases = (
				D4D94E72224BA69200E86C70 /* Sources */,
				D4D94E73224BA69200E86C70 /* Frameworks */,
				D4D94E74224BA69200E86C70 /* Resources */,
			);
			buildRules = (
			);
			dependencies = (
				D4D94E78224BA69200E86C70 /* PBXTargetDependency */,
			);
			name = News_AppUITests;
			productName = News_AppUITests;
			productReference = D4D94E76224BA69200E86C70 /* News_AppUITests.xctest */;
			productType = "com.apple.product-type.bundle.ui-testing";
		};
/* End PBXNativeTarget section */

/* Begin PBXProject section */
		D4D94E4F224BA69000E86C70 /* Project object */ = {
			isa = PBXProject;
			attributes = {
				LastSwiftUpdateCheck = 0930;
				LastUpgradeCheck = 0930;
				ORGANIZATIONNAME = "Jitendra Laxman Borse";
				TargetAttributes = {
					D4D94E56224BA69000E86C70 = {
						CreatedOnToolsVersion = 9.3;
					};
					D4D94E6A224BA69200E86C70 = {
						CreatedOnToolsVersion = 9.3;
						TestTargetID = D4D94E56224BA69000E86C70;
					};
					D4D94E75224BA69200E86C70 = {
						CreatedOnToolsVersion = 9.3;
						TestTargetID = D4D94E56224BA69000E86C70;
					};
				};
			};
			buildConfigurationList = D4D94E52224BA69000E86C70 /* Build configuration list for PBXProject "News_App" */;
			compatibilityVersion = "Xcode 9.3";
			developmentRegion = en;
			hasScannedForEncodings = 0;
			knownRegions = (
				en,
				Base,
			);
			mainGroup = D4D94E4E224BA69000E86C70;
			productRefGroup = D4D94E58224BA69000E86C70 /* Products */;
			projectDirPath = "";
			projectRoot = "";
			targets = (
				D4D94E56224BA69000E86C70 /* News_App */,
				D4D94E6A224BA69200E86C70 /* News_AppTests */,
				D4D94E75224BA69200E86C70 /* News_AppUITests */,
			);
		};
/* End PBXProject section */

/* Begin PBXResourcesBuildPhase section */
		D4D94E55224BA69000E86C70 /* Resources */ = {
			isa = PBXResourcesBuildPhase;
			buildActionMask = 2147483647;
			files = (
				D4D94E65224BA69200E86C70 /* LaunchScreen.storyboard in Resources */,
				D4D94E62224BA69200E86C70 /* Assets.xcassets in Resources */,
				D4D94E60224BA69000E86C70 /* Main.storyboard in Resources */,
			);
			runOnlyForDeploymentPostprocessing = 0;
		};
		D4D94E69224BA69200E86C70 /* Resources */ = {
			isa = PBXResourcesBuildPhase;
			buildActionMask = 2147483647;
			files = (
			);
			runOnlyForDeploymentPostprocessing = 0;
		};
		D4D94E74224BA69200E86C70 /* Resources */ = {
			isa = PBXResourcesBuildPhase;
			buildActionMask = 2147483647;
			files = (
			);
			runOnlyForDeploymentPostprocessing = 0;
		};
/* End PBXResourcesBuildPhase section */

/* Begin PBXSourcesBuildPhase section */
		D4D94E53224BA69000E86C70 /* Sources */ = {
			isa = PBXSourcesBuildPhase;
			buildActionMask = 2147483647;
			files = (
				D4D94E5D224BA69000E86C70 /* ViewController.swift in Sources */,
				D4D94E5B224BA69000E86C70 /* AppDelegate.swift in Sources */,
			);
			runOnlyForDeploymentPostprocessing = 0;
		};
		D4D94E67224BA69200E86C70 /* Sources */ = {
			isa = PBXSourcesBuildPhase;
			buildActionMask = 2147483647;
			files = (
				D4D94E70224BA69200E86C70 /* News_AppTests.swift in Sources */,
			);
			runOnlyForDeploymentPostprocessing = 0;
		};
		D4D94E72224BA69200E86C70 /* Sources */ = {
			isa = PBXSourcesBuildPhase;
			buildActionMask = 2147483647;
			files = (
				D4D94E7B224BA69200E86C70 /* News_AppUITests.swift in Sources */,
			);
			runOnlyForDeploymentPostprocessing = 0;
		};
/* End PBXSourcesBuildPhase section */

/* Begin PBXTargetDependency section */
		D4D94E6D224BA69200E86C70 /* PBXTargetDependency */ = {
			isa = PBXTargetDependency;
			target = D4D94E56224BA69000E86C70 /* News_App */;
			targetProxy = D4D94E6C224BA69200E86C70 /* PBXContainerItemProxy */;
		};
		D4D94E78224BA69200E86C70 /* PBXTargetDependency */ = {
			isa = PBXTargetDependency;
			target = D4D94E56224BA69000E86C70 /* News_App */;
			targetProxy = D4D94E77224BA69200E86C70 /* PBXContainerItemProxy */;
		};
/* End PBXTargetDependency section */

/* Begin PBXVariantGroup section */
		D4D94E5E224BA69000E86C70 /* Main.storyboard */ = {
			isa = PBXVariantGroup;
			children = (
				D4D94E5F224BA69000E86C70 /* Base */,
			);
			name = Main.storyboard;
			sourceTree = "<group>";
		};
		D4D94E63224BA69200E86C70 /* LaunchScreen.storyboard */ = {
			isa = PBXVariantGroup;
			children = (
				D4D94E64224BA69200E86C70 /* Base */,
			);
			name = LaunchScreen.storyboard;
			sourceTree = "<group>";
		};
/* End PBXVariantGroup section */

/* Begin XCBuildConfiguration section */
		D4D94E7D224BA69200E86C70 /* Debug */ = {
			isa = XCBuildConfiguration;
			buildSettings = {
				ALWAYS_SEARCH_USER_PATHS = NO;
				CLANG_ANALYZER_NONNULL = YES;
				CLANG_ANALYZER_NUMBER_OBJECT_CONVERSION = YES_AGGRESSIVE;
				CLANG_CXX_LANGUAGE_STANDARD = "gnu++14";
				CLANG_CXX_LIBRARY = "libc++";
				CLANG_ENABLE_MODULES = YES;
				CLANG_ENABLE_OBJC_ARC = YES;
				CLANG_ENABLE_OBJC_WEAK = YES;
				CLANG_WARN_BLOCK_CAPTURE_AUTORELEASING = YES;
				CLANG_WARN_BOOL_CONVERSION = YES;
				CLANG_WARN_COMMA = YES;
				CLANG_WARN_CONSTANT_CONVERSION = YES;
				CLANG_WARN_DEPRECATED_OBJC_IMPLEMENTATIONS = YES;
				CLANG_WARN_DIRECT_OBJC_ISA_USAGE = YES_ERROR;
				CLANG_WARN_DOCUMENTATION_COMMENTS = YES;
				CLANG_WARN_EMPTY_BODY = YES;
				CLANG_WARN_ENUM_CONVERSION = YES;
				CLANG_WARN_INFINITE_RECURSION = YES;
				CLANG_WARN_INT_CONVERSION = YES;
				CLANG_WARN_NON_LITERAL_NULL_CONVERSION = YES;
				CLANG_WARN_OBJC_IMPLICIT_RETAIN_SELF = YES;
				CLANG_WARN_OBJC_LITERAL_CONVERSION = YES;
				CLANG_WARN_OBJC_ROOT_CLASS = YES_ERROR;
				CLANG_WARN_RANGE_LOOP_ANALYSIS = YES;
				CLANG_WARN_STRICT_PROTOTYPES = YES;
				CLANG_WARN_SUSPICIOUS_MOVE = YES;
				CLANG_WARN_UNGUARDED_AVAILABILITY = YES_AGGRESSIVE;
				CLANG_WARN_UNREACHABLE_CODE = YES;
				CLANG_WARN__DUPLICATE_METHOD_MATCH = YES;
				CODE_SIGN_IDENTITY = "iPhone Developer";
				COPY_PHASE_STRIP = NO;
				DEBUG_INFORMATION_FORMAT = dwarf;
				ENABLE_STRICT_OBJC_MSGSEND = YES;
				ENABLE_TESTABILITY = YES;
				GCC_C_LANGUAGE_STANDARD = gnu11;
				GCC_DYNAMIC_NO_PIC = NO;
				GCC_NO_COMMON_BLOCKS = YES;
				GCC_OPTIMIZATION_LEVEL = 0;
				GCC_PREPROCESSOR_DEFINITIONS = (
					"DEBUG=1",
					"$(inherited)",
				);
				GCC_WARN_64_TO_32_BIT_CONVERSION = YES;
				GCC_WARN_ABOUT_RETURN_TYPE = YES_ERROR;
				GCC_WARN_UNDECLARED_SELECTOR = YES;
				GCC_WARN_UNINITIALIZED_AUTOS = YES_AGGRESSIVE;
				GCC_WARN_UNUSED_FUNCTION = YES;
				GCC_WARN_UNUSED_VARIABLE = YES;
				IPHONEOS_DEPLOYMENT_TARGET = 11.3;
				MTL_ENABLE_DEBUG_INFO = YES;
				ONLY_ACTIVE_ARCH = YES;
				SDKROOT = iphoneos;
				SWIFT_ACTIVE_COMPILATION_CONDITIONS = DEBUG;
				SWIFT_OPTIMIZATION_LEVEL = "-Onone";
			};
			name = Debug;
		};
		D4D94E7E224BA69200E86C70 /* Release */ = {
			isa = XCBuildConfiguration;
			buildSettings = {
				ALWAYS_SEARCH_USER_PATHS = NO;
				CLANG_ANALYZER_NONNULL = YES;
				CLANG_ANALYZER_NUMBER_OBJECT_CONVERSION = YES_AGGRESSIVE;
				CLANG_CXX_LANGUAGE_STANDARD = "gnu++14";
				CLANG_CXX_LIBRARY = "libc++";
				CLANG_ENABLE_MODULES = YES;
				CLANG_ENABLE_OBJC_ARC = YES;
				CLANG_ENABLE_OBJC_WEAK = YES;
				CLANG_WARN_BLOCK_CAPTURE_AUTORELEASING = YES;
				CLANG_WARN_BOOL_CONVERSION = YES;
				CLANG_WARN_COMMA = YES;
				CLANG_WARN_CONSTANT_CONVERSION = YES;
				CLANG_WARN_DEPRECATED_OBJC_IMPLEMENTATIONS = YES;
				CLANG_WARN_DIRECT_OBJC_ISA_USAGE = YES_ERROR;
				CLANG_WARN_DOCUMENTATION_COMMENTS = YES;
				CLANG_WARN_EMPTY_BODY = YES;
				CLANG_WARN_ENUM_CONVERSION = YES;
				CLANG_WARN_INFINITE_RECURSION = YES;
				CLANG_WARN_INT_CONVERSION = YES;
				CLANG_WARN_NON_LITERAL_NULL_CONVERSION = YES;
				CLANG_WARN_OBJC_IMPLICIT_RETAIN_SELF = YES;
				CLANG_WARN_OBJC_LITERAL_CONVERSION = YES;
				CLANG_WARN_OBJC_ROOT_CLASS = YES_ERROR;
				CLANG_WARN_RANGE_LOOP_ANALYSIS = YES;
				CLANG_WARN_STRICT_PROTOTYPES = YES;
				CLANG_WARN_SUSPICIOUS_MOVE = YES;
				CLANG_WARN_UNGUARDED_AVAILABILITY = YES_AGGRESSIVE;
				CLANG_WARN_UNREACHABLE_CODE = YES;
				CLANG_WARN__DUPLICATE_METHOD_MATCH = YES;
				CODE_SIGN_IDENTITY = "iPhone Developer";
				COPY_PHASE_STRIP = NO;
				DEBUG_INFORMATION_FORMAT = "dwarf-with-dsym";
				ENABLE_NS_ASSERTIONS = NO;
				ENABLE_STRICT_OBJC_MSGSEND = YES;
				GCC_C_LANGUAGE_STANDARD = gnu11;
				GCC_NO_COMMON_BLOCKS = YES;
				GCC_WARN_64_TO_32_BIT_CONVERSION = YES;
				GCC_WARN_ABOUT_RETURN_TYPE = YES_ERROR;
				GCC_WARN_UNDECLARED_SELECTOR = YES;
				GCC_WARN_UNINITIALIZED_AUTOS = YES_AGGRESSIVE;
				GCC_WARN_UNUSED_FUNCTION = YES;
				GCC_WARN_UNUSED_VARIABLE = YES;
				IPHONEOS_DEPLOYMENT_TARGET = 11.3;
				MTL_ENABLE_DEBUG_INFO = NO;
				SDKROOT = iphoneos;
				SWIFT_COMPILATION_MODE = wholemodule;
				SWIFT_OPTIMIZATION_LEVEL = "-O";
				VALIDATE_PRODUCT = YES;
			};
			name = Release;
		};
		D4D94E80224BA69200E86C70 /* Debug */ = {
			isa = XCBuildConfiguration;
			buildSettings = {
				ASSETCATALOG_COMPILER_APPICON_NAME = AppIcon;
				CODE_SIGN_STYLE = Automatic;
				INFOPLIST_FILE = News_App/Info.plist;
				LD_RUNPATH_SEARCH_PATHS = (
					"$(inherited)",
					"@executable_path/Frameworks",
				);
				PRODUCT_BUNDLE_IDENTIFIER = "com.vishwaJeet.News-App";
				PRODUCT_NAME = "$(TARGET_NAME)";
				SWIFT_VERSION = 4.0;
				TARGETED_DEVICE_FAMILY = "1,2";
			};
			name = Debug;
		};
		D4D94E81224BA69200E86C70 /* Release */ = {
			isa = XCBuildConfiguration;
			buildSettings = {
				ASSETCATALOG_COMPILER_APPICON_NAME = AppIcon;
				CODE_SIGN_STYLE = Automatic;
				INFOPLIST_FILE = News_App/Info.plist;
				LD_RUNPATH_SEARCH_PATHS = (
					"$(inherited)",
					"@executable_path/Frameworks",
				);
				PRODUCT_BUNDLE_IDENTIFIER = "com.vishwaJeet.News-App";
				PRODUCT_NAME = "$(TARGET_NAME)";
				SWIFT_VERSION = 4.0;
				TARGETED_DEVICE_FAMILY = "1,2";
			};
			name = Release;
		};
		D4D94E83224BA69200E86C70 /* Debug */ = {
			isa = XCBuildConfiguration;
			buildSettings = {
				ALWAYS_EMBED_SWIFT_STANDARD_LIBRARIES = YES;
				BUNDLE_LOADER = "$(TEST_HOST)";
				CODE_SIGN_STYLE = Automatic;
				INFOPLIST_FILE = News_AppTests/Info.plist;
				LD_RUNPATH_SEARCH_PATHS = (
					"$(inherited)",
					"@executable_path/Frameworks",
					"@loader_path/Frameworks",
				);
				PRODUCT_BUNDLE_IDENTIFIER = "com.vishwaJeet.News-AppTests";
				PRODUCT_NAME = "$(TARGET_NAME)";
				SWIFT_VERSION = 4.0;
				TARGETED_DEVICE_FAMILY = "1,2";
				TEST_HOST = "$(BUILT_PRODUCTS_DIR)/News_App.app/News_App";
			};
			name = Debug;
		};
		D4D94E84224BA69200E86C70 /* Release */ = {
			isa = XCBuildConfiguration;
			buildSettings = {
				ALWAYS_EMBED_SWIFT_STANDARD_LIBRARIES = YES;
				BUNDLE_LOADER = "$(TEST_HOST)";
				CODE_SIGN_STYLE = Automatic;
				INFOPLIST_FILE = News_AppTests/Info.plist;
				LD_RUNPATH_SEARCH_PATHS = (
					"$(inherited)",
					"@executable_path/Frameworks",
					"@loader_path/Frameworks",
				);
				PRODUCT_BUNDLE_IDENTIFIER = "com.vishwaJeet.News-AppTests";
				PRODUCT_NAME = "$(TARGET_NAME)";
				SWIFT_VERSION = 4.0;
				TARGETED_DEVICE_FAMILY = "1,2";
				TEST_HOST = "$(BUILT_PRODUCTS_DIR)/News_App.app/News_App";
			};
			name = Release;
		};
		D4D94E86224BA69200E86C70 /* Debug */ = {
			isa = XCBuildConfiguration;
			buildSettings = {
				ALWAYS_EMBED_SWIFT_STANDARD_LIBRARIES = YES;
				CODE_SIGN_STYLE = Automatic;
				INFOPLIST_FILE = News_AppUITests/Info.plist;
				LD_RUNPATH_SEARCH_PATHS = (
					"$(inherited)",
					"@executable_path/Frameworks",
					"@loader_path/Frameworks",
				);
				PRODUCT_BUNDLE_IDENTIFIER = "com.vishwaJeet.News-AppUITests";
				PRODUCT_NAME = "$(TARGET_NAME)";
				SWIFT_VERSION = 4.0;
				TARGETED_DEVICE_FAMILY = "1,2";
				TEST_TARGET_NAME = News_App;
			};
			name = Debug;
		};
		D4D94E87224BA69200E86C70 /* Release */ = {
			isa = XCBuildConfiguration;
			buildSettings = {
				ALWAYS_EMBED_SWIFT_STANDARD_LIBRARIES = YES;
				CODE_SIGN_STYLE = Automatic;
				INFOPLIST_FILE = News_AppUITests/Info.plist;
				LD_RUNPATH_SEARCH_PATHS = (
					"$(inherited)",
					"@executable_path/Frameworks",
					"@loader_path/Frameworks",
				);
				PRODUCT_BUNDLE_IDENTIFIER = "com.vishwaJeet.News-AppUITests";
				PRODUCT_NAME = "$(TARGET_NAME)";
				SWIFT_VERSION = 4.0;
				TARGETED_DEVICE_FAMILY = "1,2";
				TEST_TARGET_NAME = News_App;
			};
			name = Release;
		};
/* End XCBuildConfiguration section */

/* Begin XCConfigurationList section */
		D4D94E52224BA69000E86C70 /* Build configuration list for PBXProject "News_App" */ = {
			isa = XCConfigurationList;
			buildConfigurations = (
				D4D94E7D224BA69200E86C70 /* Debug */,
				D4D94E7E224BA69200E86C70 /* Release */,
			);
			defaultConfigurationIsVisible = 0;
			defaultConfigurationName = Release;
		};
		D4D94E7F224BA69200E86C70 /* Build configuration list for PBXNativeTarget "News_App" */ = {
			isa = XCConfigurationList;
			buildConfigurations = (
				D4D94E80224BA69200E86C70 /* Debug */,
				D4D94E81224BA69200E86C70 /* Release */,
			);
			defaultConfigurationIsVisible = 0;
			defaultConfigurationName = Release;
		};
		D4D94E82224BA69200E86C70 /* Build configuration list for PBXNativeTarget "News_AppTests" */ = {
			isa = XCConfigurationList;
			buildConfigurations = (
				D4D94E83224BA69200E86C70 /* Debug */,
				D4D94E84224BA69200E86C70 /* Release */,
			);
			defaultConfigurationIsVisible = 0;
			defaultConfigurationName = Release;
		};
		D4D94E85224BA69200E86C70 /* Build configuration list for PBXNativeTarget "News_AppUITests" */ = {
			isa = XCConfigurationList;
			buildConfigurations = (
				D4D94E86224BA69200E86C70 /* Debug */,
				D4D94E87224BA69200E86C70 /* Release */,
			);
			defaultConfigurationIsVisible = 0;
			defaultConfigurationName = Release;
		};
/* End XCConfigurationList section */
	};
	rootObject = D4D94E4F224BA69000E86C70 /* Project object */;
}
